
Microsoft Visual Studio Solution File, Format Version 11.00
# Visual Studio 2010
Project("{FAE04EC0-301F-11D3-BF4B-00C04F79EFBC}") = "Kudosudoku", "Kudosudoku.csproj", "{E761300C-B0EB-E057-A7BB-AED10767F401}"
EndProject
Project("{FAE04EC0-301F-11D3-BF4B-00C04F79EFBC}") = "Kudosudoku-Editor", "Kudosudoku-Editor.csproj", "{261695DD-6E04-02CA-A17A-17F1251396C3}"
EndProject
Global
	GlobalSection(SolutionConfigurationPlatforms) = preSolution
		Debug|Any CPU = Debug|Any CPU
		Release|Any CPU = Release|Any CPU
	EndGlobalSection
	GlobalSection(ProjectConfigurationPlatforms) = postSolution
		{E761300C-B0EB-E057-A7BB-AED10767F401}.Debug|Any CPU.ActiveCfg = Debug|Any CPU
		{E761300C-B0EB-E057-A7BB-AED10767F401}.Debug|Any CPU.Build.0 = Debug|Any CPU
		{E761300C-B0EB-E057-A7BB-AED10767F401}.Release|Any CPU.ActiveCfg = Release|Any CPU
		{E761300C-B0EB-E057-A7BB-AED10767F401}.Release|Any CPU.Build.0 = Release|Any CPU
		{261695DD-6E04-02CA-A17A-17F1251396C3}.Debug|Any CPU.ActiveCfg = Debug|Any CPU
		{261695DD-6E04-02CA-A17A-17F1251396C3}.Debug|Any CPU.Build.0 = Debug|Any CPU
		{261695DD-6E04-02CA-A17A-17F1251396C3}.Release|Any CPU.ActiveCfg = Release|Any CPU
		{261695DD-6E04-02CA-A17A-17F1251396C3}.Release|Any CPU.Build.0 = Release|Any CPU
	EndGlobalSection
	GlobalSection(SolutionProperties) = preSolution
		HideSolutionNode = FALSE
	EndGlobalSection
	GlobalSection(MonoDevelopProperties) = preSolution
		StartupItem = Kudosudoku.csproj
	EndGlobalSection
EndGlobal
