
Microsoft Visual Studio Solution File, Format Version 12.00
# Visual Studio 15
Project("{FAE04EC0-301F-11D3-BF4B-00C04F79EFBC}") = "Kudosudoku", "Kudosudoku.csproj", "{344070CE-7C4E-93B7-4AD9-D0A66EDE2BB5}"
EndProject
Project("{FAE04EC0-301F-11D3-BF4B-00C04F79EFBC}") = "Kudosudoku.Editor", "Kudosudoku.Editor.csproj", "{E2F45FF5-6A53-D51F-D1CD-DD3686E20278}"
EndProject
Global
	GlobalSection(SolutionConfigurationPlatforms) = preSolution
		Debug|Any CPU = Debug|Any CPU
		Release|Any CPU = Release|Any CPU
	EndGlobalSection
	GlobalSection(ProjectConfigurationPlatforms) = postSolution
		{344070CE-7C4E-93B7-4AD9-D0A66EDE2BB5}.Debug|Any CPU.ActiveCfg = Debug|Any CPU
		{344070CE-7C4E-93B7-4AD9-D0A66EDE2BB5}.Debug|Any CPU.Build.0 = Debug|Any CPU
		{344070CE-7C4E-93B7-4AD9-D0A66EDE2BB5}.Release|Any CPU.ActiveCfg = Release|Any CPU
		{344070CE-7C4E-93B7-4AD9-D0A66EDE2BB5}.Release|Any CPU.Build.0 = Release|Any CPU
		{E2F45FF5-6A53-D51F-D1CD-DD3686E20278}.Debug|Any CPU.ActiveCfg = Debug|Any CPU
		{E2F45FF5-6A53-D51F-D1CD-DD3686E20278}.Debug|Any CPU.Build.0 = Debug|Any CPU
		{E2F45FF5-6A53-D51F-D1CD-DD3686E20278}.Release|Any CPU.ActiveCfg = Release|Any CPU
		{E2F45FF5-6A53-D51F-D1CD-DD3686E20278}.Release|Any CPU.Build.0 = Release|Any CPU
	EndGlobalSection
	GlobalSection(SolutionProperties) = preSolution
		HideSolutionNode = FALSE
	EndGlobalSection
EndGlobal
